// !$*UTF8*$!
{
	archiveVersion = 1;
	classes = {
	};
	objectVersion = 48;
	objects = {

/* Begin PBXBuildFile section */
		B074045B1FF3EC63004C5707 /* AppDelegate.swift in Sources */ = {isa = PBXBuildFile; fileRef = B074045A1FF3EC63004C5707 /* AppDelegate.swift */; };
		B074045D1FF3EC63004C5707 /* ViewController.swift in Sources */ = {isa = PBXBuildFile; fileRef = B074045C1FF3EC63004C5707 /* ViewController.swift */; };
		B07404601FF3EC63004C5707 /* Pod_Player.xcdatamodeld in Sources */ = {isa = PBXBuildFile; fileRef = B074045E1FF3EC63004C5707 /* Pod_Player.xcdatamodeld */; };
		B07404621FF3EC63004C5707 /* Assets.xcassets in Resources */ = {isa = PBXBuildFile; fileRef = B07404611FF3EC63004C5707 /* Assets.xcassets */; };
		B07404651FF3EC63004C5707 /* Main.storyboard in Resources */ = {isa = PBXBuildFile; fileRef = B07404631FF3EC63004C5707 /* Main.storyboard */; };
		B07404711FF3EC63004C5707 /* Pod_PlayerTests.swift in Sources */ = {isa = PBXBuildFile; fileRef = B07404701FF3EC63004C5707 /* Pod_PlayerTests.swift */; };
/* End PBXBuildFile section */

/* Begin PBXContainerItemProxy section */
		B074046D1FF3EC63004C5707 /* PBXContainerItemProxy */ = {
			isa = PBXContainerItemProxy;
			containerPortal = B074044F1FF3EC63004C5707 /* Project object */;
			proxyType = 1;
			remoteGlobalIDString = B07404561FF3EC63004C5707;
			remoteInfo = "Pod Player";
		};
/* End PBXContainerItemProxy section */

/* Begin PBXFileReference section */
		B07404571FF3EC63004C5707 /* Pod Player.app */ = {isa = PBXFileReference; explicitFileType = wrapper.application; includeInIndex = 0; path = "Pod Player.app"; sourceTree = BUILT_PRODUCTS_DIR; };
		B074045A1FF3EC63004C5707 /* AppDelegate.swift */ = {isa = PBXFileReference; lastKnownFileType = sourcecode.swift; path = AppDelegate.swift; sourceTree = "<group>"; };
		B074045C1FF3EC63004C5707 /* ViewController.swift */ = {isa = PBXFileReference; lastKnownFileType = sourcecode.swift; path = ViewController.swift; sourceTree = "<group>"; };
		B074045F1FF3EC63004C5707 /* Pod_Player.xcdatamodel */ = {isa = PBXFileReference; lastKnownFileType = wrapper.xcdatamodel; path = Pod_Player.xcdatamodel; sourceTree = "<group>"; };
		B07404611FF3EC63004C5707 /* Assets.xcassets */ = {isa = PBXFileReference; lastKnownFileType = folder.assetcatalog; path = Assets.xcassets; sourceTree = "<group>"; };
		B07404641FF3EC63004C5707 /* Base */ = {isa = PBXFileReference; lastKnownFileType = file.storyboard; name = Base; path = Base.lproj/Main.storyboard; sourceTree = "<group>"; };
		B07404661FF3EC63004C5707 /* Info.plist */ = {isa = PBXFileReference; lastKnownFileType = text.plist.xml; path = Info.plist; sourceTree = "<group>"; };
		B07404671FF3EC63004C5707 /* Pod_Player.entitlements */ = {isa = PBXFileReference; lastKnownFileType = text.plist.entitlements; path = Pod_Player.entitlements; sourceTree = "<group>"; };
		B074046C1FF3EC63004C5707 /* Pod PlayerTests.xctest */ = {isa = PBXFileReference; explicitFileType = wrapper.cfbundle; includeInIndex = 0; path = "Pod PlayerTests.xctest"; sourceTree = BUILT_PRODUCTS_DIR; };
		B07404701FF3EC63004C5707 /* Pod_PlayerTests.swift */ = {isa = PBXFileReference; lastKnownFileType = sourcecode.swift; path = Pod_PlayerTests.swift; sourceTree = "<group>"; };
		B07404721FF3EC63004C5707 /* Info.plist */ = {isa = PBXFileReference; lastKnownFileType = text.plist.xml; path = Info.plist; sourceTree = "<group>"; };
/* End PBXFileReference section */

/* Begin PBXFrameworksBuildPhase section */
		B07404541FF3EC63004C5707 /* Frameworks */ = {
			isa = PBXFrameworksBuildPhase;
			buildActionMask = 2147483647;
			files = (
			);
			runOnlyForDeploymentPostprocessing = 0;
		};
		B07404691FF3EC63004C5707 /* Frameworks */ = {
			isa = PBXFrameworksBuildPhase;
			buildActionMask = 2147483647;
			files = (
			);
			runOnlyForDeploymentPostprocessing = 0;
		};
/* End PBXFrameworksBuildPhase section */

/* Begin PBXGroup section */
		B074044E1FF3EC63004C5707 = {
			isa = PBXGroup;
			children = (
				B07404591FF3EC63004C5707 /* Pod Player */,
				B074046F1FF3EC63004C5707 /* Pod PlayerTests */,
				B07404581FF3EC63004C5707 /* Products */,
			);
			sourceTree = "<group>";
		};
		B07404581FF3EC63004C5707 /* Products */ = {
			isa = PBXGroup;
			children = (
				B07404571FF3EC63004C5707 /* Pod Player.app */,
				B074046C1FF3EC63004C5707 /* Pod PlayerTests.xctest */,
			);
			name = Products;
			sourceTree = "<group>";
		};
		B07404591FF3EC63004C5707 /* Pod Player */ = {
			isa = PBXGroup;
			children = (
				B074045A1FF3EC63004C5707 /* AppDelegate.swift */,
				B074045C1FF3EC63004C5707 /* ViewController.swift */,
				B07404611FF3EC63004C5707 /* Assets.xcassets */,
				B07404631FF3EC63004C5707 /* Main.storyboard */,
				B07404661FF3EC63004C5707 /* Info.plist */,
				B07404671FF3EC63004C5707 /* Pod_Player.entitlements */,
				B074045E1FF3EC63004C5707 /* Pod_Player.xcdatamodeld */,
			);
			path = "Pod Player";
			sourceTree = "<group>";
		};
		B074046F1FF3EC63004C5707 /* Pod PlayerTests */ = {
			isa = PBXGroup;
			children = (
				B07404701FF3EC63004C5707 /* Pod_PlayerTests.swift */,
				B07404721FF3EC63004C5707 /* Info.plist */,
			);
			path = "Pod PlayerTests";
			sourceTree = "<group>";
		};
/* End PBXGroup section */

/* Begin PBXNativeTarget section */
		B07404561FF3EC63004C5707 /* Pod Player */ = {
			isa = PBXNativeTarget;
			buildConfigurationList = B07404751FF3EC63004C5707 /* Build configuration list for PBXNativeTarget "Pod Player" */;
			buildPhases = (
				B07404531FF3EC63004C5707 /* Sources */,
				B07404541FF3EC63004C5707 /* Frameworks */,
				B07404551FF3EC63004C5707 /* Resources */,
				B074047B1FF3ECA0004C5707 /* SwiftLint */,
			);
			buildRules = (
			);
			dependencies = (
			);
			name = "Pod Player";
			productName = "Pod Player";
			productReference = B07404571FF3EC63004C5707 /* Pod Player.app */;
			productType = "com.apple.product-type.application";
		};
		B074046B1FF3EC63004C5707 /* Pod PlayerTests */ = {
			isa = PBXNativeTarget;
			buildConfigurationList = B07404781FF3EC63004C5707 /* Build configuration list for PBXNativeTarget "Pod PlayerTests" */;
			buildPhases = (
				B07404681FF3EC63004C5707 /* Sources */,
				B07404691FF3EC63004C5707 /* Frameworks */,
				B074046A1FF3EC63004C5707 /* Resources */,
			);
			buildRules = (
			);
			dependencies = (
				B074046E1FF3EC63004C5707 /* PBXTargetDependency */,
			);
			name = "Pod PlayerTests";
			productName = "Pod PlayerTests";
			productReference = B074046C1FF3EC63004C5707 /* Pod PlayerTests.xctest */;
			productType = "com.apple.product-type.bundle.unit-test";
		};
/* End PBXNativeTarget section */

/* Begin PBXProject section */
		B074044F1FF3EC63004C5707 /* Project object */ = {
			isa = PBXProject;
			attributes = {
				LastSwiftUpdateCheck = 0920;
				LastUpgradeCheck = 0920;
				ORGANIZATIONNAME = "Ariel Rodriguez";
				TargetAttributes = {
					B07404561FF3EC63004C5707 = {
						CreatedOnToolsVersion = 9.2;
						ProvisioningStyle = Automatic;
					};
					B074046B1FF3EC63004C5707 = {
						CreatedOnToolsVersion = 9.2;
						ProvisioningStyle = Automatic;
						TestTargetID = B07404561FF3EC63004C5707;
					};
				};
			};
			buildConfigurationList = B07404521FF3EC63004C5707 /* Build configuration list for PBXProject "Pod Player" */;
			compatibilityVersion = "Xcode 8.0";
			developmentRegion = en;
			hasScannedForEncodings = 0;
			knownRegions = (
				en,
				Base,
			);
			mainGroup = B074044E1FF3EC63004C5707;
			productRefGroup = B07404581FF3EC63004C5707 /* Products */;
			projectDirPath = "";
			projectRoot = "";
			targets = (
				B07404561FF3EC63004C5707 /* Pod Player */,
				B074046B1FF3EC63004C5707 /* Pod PlayerTests */,
			);
		};
/* End PBXProject section */

/* Begin PBXResourcesBuildPhase section */
		B07404551FF3EC63004C5707 /* Resources */ = {
			isa = PBXResourcesBuildPhase;
			buildActionMask = 2147483647;
			files = (
				B07404621FF3EC63004C5707 /* Assets.xcassets in Resources */,
				B07404651FF3EC63004C5707 /* Main.storyboard in Resources */,
			);
			runOnlyForDeploymentPostprocessing = 0;
		};
		B074046A1FF3EC63004C5707 /* Resources */ = {
			isa = PBXResourcesBuildPhase;
			buildActionMask = 2147483647;
			files = (
			);
			runOnlyForDeploymentPostprocessing = 0;
		};
/* End PBXResourcesBuildPhase section */

/* Begin PBXShellScriptBuildPhase section */
		B074047B1FF3ECA0004C5707 /* SwiftLint */ = {
			isa = PBXShellScriptBuildPhase;
			buildActionMask = 2147483647;
			files = (
			);
			inputPaths = (
			);
			name = SwiftLint;
			outputPaths = (
			);
			runOnlyForDeploymentPostprocessing = 0;
			shellPath = /bin/sh;
			shellScript = "if which swiftlint >/dev/null; then\nswiftlint\nelse\necho \"warning: SwiftLint not installed, download from https://github.com/realm/SwiftLint\"\nfi";
		};
/* End PBXShellScriptBuildPhase section */

/* Begin PBXSourcesBuildPhase section */
		B07404531FF3EC63004C5707 /* Sources */ = {
			isa = PBXSourcesBuildPhase;
			buildActionMask = 2147483647;
			files = (
				B074045D1FF3EC63004C5707 /* ViewController.swift in Sources */,
				B07404601FF3EC63004C5707 /* Pod_Player.xcdatamodeld in Sources */,
				B074045B1FF3EC63004C5707 /* AppDelegate.swift in Sources */,
			);
			runOnlyForDeploymentPostprocessing = 0;
		};
		B07404681FF3EC63004C5707 /* Sources */ = {
			isa = PBXSourcesBuildPhase;
			buildActionMask = 2147483647;
			files = (
				B07404711FF3EC63004C5707 /* Pod_PlayerTests.swift in Sources */,
			);
			runOnlyForDeploymentPostprocessing = 0;
		};
/* End PBXSourcesBuildPhase section */

/* Begin PBXTargetDependency section */
		B074046E1FF3EC63004C5707 /* PBXTargetDependency */ = {
			isa = PBXTargetDependency;
			target = B07404561FF3EC63004C5707 /* Pod Player */;
			targetProxy = B074046D1FF3EC63004C5707 /* PBXContainerItemProxy */;
		};
/* End PBXTargetDependency section */

/* Begin PBXVariantGroup section */
		B07404631FF3EC63004C5707 /* Main.storyboard */ = {
			isa = PBXVariantGroup;
			children = (
				B07404641FF3EC63004C5707 /* Base */,
			);
			name = Main.storyboard;
			sourceTree = "<group>";
		};
/* End PBXVariantGroup section */

/* Begin XCBuildConfiguration section */
		B07404731FF3EC63004C5707 /* Debug */ = {
			isa = XCBuildConfiguration;
			buildSettings = {
				ALWAYS_SEARCH_USER_PATHS = NO;
				CLANG_ANALYZER_NONNULL = YES;
				CLANG_ANALYZER_NUMBER_OBJECT_CONVERSION = YES_AGGRESSIVE;
				CLANG_CXX_LANGUAGE_STANDARD = "gnu++14";
				CLANG_CXX_LIBRARY = "libc++";
				CLANG_ENABLE_MODULES = YES;
				CLANG_ENABLE_OBJC_ARC = YES;
				CLANG_WARN_BLOCK_CAPTURE_AUTORELEASING = YES;
				CLANG_WARN_BOOL_CONVERSION = YES;
				CLANG_WARN_COMMA = YES;
				CLANG_WARN_CONSTANT_CONVERSION = YES;
				CLANG_WARN_DIRECT_OBJC_ISA_USAGE = YES_ERROR;
				CLANG_WARN_DOCUMENTATION_COMMENTS = YES;
				CLANG_WARN_EMPTY_BODY = YES;
				CLANG_WARN_ENUM_CONVERSION = YES;
				CLANG_WARN_INFINITE_RECURSION = YES;
				CLANG_WARN_INT_CONVERSION = YES;
				CLANG_WARN_NON_LITERAL_NULL_CONVERSION = YES;
				CLANG_WARN_OBJC_LITERAL_CONVERSION = YES;
				CLANG_WARN_OBJC_ROOT_CLASS = YES_ERROR;
				CLANG_WARN_RANGE_LOOP_ANALYSIS = YES;
				CLANG_WARN_STRICT_PROTOTYPES = YES;
				CLANG_WARN_SUSPICIOUS_MOVE = YES;
				CLANG_WARN_UNGUARDED_AVAILABILITY = YES_AGGRESSIVE;
				CLANG_WARN_UNREACHABLE_CODE = YES;
				CLANG_WARN__DUPLICATE_METHOD_MATCH = YES;
				CODE_SIGN_IDENTITY = "Mac Developer";
				COPY_PHASE_STRIP = NO;
				DEBUG_INFORMATION_FORMAT = dwarf;
				ENABLE_STRICT_OBJC_MSGSEND = YES;
				ENABLE_TESTABILITY = YES;
				GCC_C_LANGUAGE_STANDARD = gnu11;
				GCC_DYNAMIC_NO_PIC = NO;
				GCC_NO_COMMON_BLOCKS = YES;
				GCC_OPTIMIZATION_LEVEL = 0;
				GCC_PREPROCESSOR_DEFINITIONS = (
					"DEBUG=1",
					"$(inherited)",
				);
				GCC_WARN_64_TO_32_BIT_CONVERSION = YES;
				GCC_WARN_ABOUT_RETURN_TYPE = YES_ERROR;
				GCC_WARN_UNDECLARED_SELECTOR = YES;
				GCC_WARN_UNINITIALIZED_AUTOS = YES_AGGRESSIVE;
				GCC_WARN_UNUSED_FUNCTION = YES;
				GCC_WARN_UNUSED_VARIABLE = YES;
				MACOSX_DEPLOYMENT_TARGET = 10.13;
				MTL_ENABLE_DEBUG_INFO = YES;
				ONLY_ACTIVE_ARCH = YES;
				SDKROOT = macosx;
				SWIFT_ACTIVE_COMPILATION_CONDITIONS = DEBUG;
				SWIFT_OPTIMIZATION_LEVEL = "-Onone";
			};
			name = Debug;
		};
		B07404741FF3EC63004C5707 /* Release */ = {
			isa = XCBuildConfiguration;
			buildSettings = {
				ALWAYS_SEARCH_USER_PATHS = NO;
				CLANG_ANALYZER_NONNULL = YES;
				CLANG_ANALYZER_NUMBER_OBJECT_CONVERSION = YES_AGGRESSIVE;
				CLANG_CXX_LANGUAGE_STANDARD = "gnu++14";
				CLANG_CXX_LIBRARY = "libc++";
				CLANG_ENABLE_MODULES = YES;
				CLANG_ENABLE_OBJC_ARC = YES;
				CLANG_WARN_BLOCK_CAPTURE_AUTORELEASING = YES;
				CLANG_WARN_BOOL_CONVERSION = YES;
				CLANG_WARN_COMMA = YES;
				CLANG_WARN_CONSTANT_CONVERSION = YES;
				CLANG_WARN_DIRECT_OBJC_ISA_USAGE = YES_ERROR;
				CLANG_WARN_DOCUMENTATION_COMMENTS = YES;
				CLANG_WARN_EMPTY_BODY = YES;
				CLANG_WARN_ENUM_CONVERSION = YES;
				CLANG_WARN_INFINITE_RECURSION = YES;
				CLANG_WARN_INT_CONVERSION = YES;
				CLANG_WARN_NON_LITERAL_NULL_CONVERSION = YES;
				CLANG_WARN_OBJC_LITERAL_CONVERSION = YES;
				CLANG_WARN_OBJC_ROOT_CLASS = YES_ERROR;
				CLANG_WARN_RANGE_LOOP_ANALYSIS = YES;
				CLANG_WARN_STRICT_PROTOTYPES = YES;
				CLANG_WARN_SUSPICIOUS_MOVE = YES;
				CLANG_WARN_UNGUARDED_AVAILABILITY = YES_AGGRESSIVE;
				CLANG_WARN_UNREACHABLE_CODE = YES;
				CLANG_WARN__DUPLICATE_METHOD_MATCH = YES;
				CODE_SIGN_IDENTITY = "Mac Developer";
				COPY_PHASE_STRIP = NO;
				DEBUG_INFORMATION_FORMAT = "dwarf-with-dsym";
				ENABLE_NS_ASSERTIONS = NO;
				ENABLE_STRICT_OBJC_MSGSEND = YES;
				GCC_C_LANGUAGE_STANDARD = gnu11;
				GCC_NO_COMMON_BLOCKS = YES;
				GCC_WARN_64_TO_32_BIT_CONVERSION = YES;
				GCC_WARN_ABOUT_RETURN_TYPE = YES_ERROR;
				GCC_WARN_UNDECLARED_SELECTOR = YES;
				GCC_WARN_UNINITIALIZED_AUTOS = YES_AGGRESSIVE;
				GCC_WARN_UNUSED_FUNCTION = YES;
				GCC_WARN_UNUSED_VARIABLE = YES;
				MACOSX_DEPLOYMENT_TARGET = 10.13;
				MTL_ENABLE_DEBUG_INFO = NO;
				SDKROOT = macosx;
				SWIFT_OPTIMIZATION_LEVEL = "-Owholemodule";
			};
			name = Release;
		};
		B07404761FF3EC63004C5707 /* Debug */ = {
			isa = XCBuildConfiguration;
			buildSettings = {
				ASSETCATALOG_COMPILER_APPICON_NAME = AppIcon;
				CODE_SIGN_ENTITLEMENTS = "Pod Player/Pod_Player.entitlements";
				CODE_SIGN_STYLE = Automatic;
				COMBINE_HIDPI_IMAGES = YES;
				DEVELOPMENT_TEAM = TMBNQLBU46;
				INFOPLIST_FILE = "Pod Player/Info.plist";
				LD_RUNPATH_SEARCH_PATHS = "$(inherited) @executable_path/../Frameworks";
				PRODUCT_BUNDLE_IDENTIFIER = "VolonBolon.Pod-Player";
				PRODUCT_NAME = "$(TARGET_NAME)";
				SWIFT_VERSION = 4.0;
			};
			name = Debug;
		};
		B07404771FF3EC63004C5707 /* Release */ = {
			isa = XCBuildConfiguration;
			buildSettings = {
				ASSETCATALOG_COMPILER_APPICON_NAME = AppIcon;
				CODE_SIGN_ENTITLEMENTS = "Pod Player/Pod_Player.entitlements";
				CODE_SIGN_STYLE = Automatic;
				COMBINE_HIDPI_IMAGES = YES;
				DEVELOPMENT_TEAM = TMBNQLBU46;
				INFOPLIST_FILE = "Pod Player/Info.plist";
				LD_RUNPATH_SEARCH_PATHS = "$(inherited) @executable_path/../Frameworks";
				PRODUCT_BUNDLE_IDENTIFIER = "VolonBolon.Pod-Player";
				PRODUCT_NAME = "$(TARGET_NAME)";
				SWIFT_VERSION = 4.0;
			};
			name = Release;
		};
		B07404791FF3EC63004C5707 /* Debug */ = {
			isa = XCBuildConfiguration;
			buildSettings = {
				ALWAYS_EMBED_SWIFT_STANDARD_LIBRARIES = YES;
				BUNDLE_LOADER = "$(TEST_HOST)";
				CODE_SIGN_STYLE = Automatic;
				COMBINE_HIDPI_IMAGES = YES;
				DEVELOPMENT_TEAM = TMBNQLBU46;
				INFOPLIST_FILE = "Pod PlayerTests/Info.plist";
				LD_RUNPATH_SEARCH_PATHS = "$(inherited) @executable_path/../Frameworks @loader_path/../Frameworks";
				PRODUCT_BUNDLE_IDENTIFIER = "VolonBolon.Pod-PlayerTests";
				PRODUCT_NAME = "$(TARGET_NAME)";
				SWIFT_VERSION = 4.0;
				TEST_HOST = "$(BUILT_PRODUCTS_DIR)/Pod Player.app/Contents/MacOS/Pod Player";
			};
			name = Debug;
		};
		B074047A1FF3EC63004C5707 /* Release */ = {
			isa = XCBuildConfiguration;
			buildSettings = {
				ALWAYS_EMBED_SWIFT_STANDARD_LIBRARIES = YES;
				BUNDLE_LOADER = "$(TEST_HOST)";
				CODE_SIGN_STYLE = Automatic;
				COMBINE_HIDPI_IMAGES = YES;
				DEVELOPMENT_TEAM = TMBNQLBU46;
				INFOPLIST_FILE = "Pod PlayerTests/Info.plist";
				LD_RUNPATH_SEARCH_PATHS = "$(inherited) @executable_path/../Frameworks @loader_path/../Frameworks";
				PRODUCT_BUNDLE_IDENTIFIER = "VolonBolon.Pod-PlayerTests";
				PRODUCT_NAME = "$(TARGET_NAME)";
				SWIFT_VERSION = 4.0;
				TEST_HOST = "$(BUILT_PRODUCTS_DIR)/Pod Player.app/Contents/MacOS/Pod Player";
			};
			name = Release;
		};
/* End XCBuildConfiguration section */

/* Begin XCConfigurationList section */
		B07404521FF3EC63004C5707 /* Build configuration list for PBXProject "Pod Player" */ = {
			isa = XCConfigurationList;
			buildConfigurations = (
				B07404731FF3EC63004C5707 /* Debug */,
				B07404741FF3EC63004C5707 /* Release */,
			);
			defaultConfigurationIsVisible = 0;
			defaultConfigurationName = Release;
		};
		B07404751FF3EC63004C5707 /* Build configuration list for PBXNativeTarget "Pod Player" */ = {
			isa = XCConfigurationList;
			buildConfigurations = (
				B07404761FF3EC63004C5707 /* Debug */,
				B07404771FF3EC63004C5707 /* Release */,
			);
			defaultConfigurationIsVisible = 0;
			defaultConfigurationName = Release;
		};
		B07404781FF3EC63004C5707 /* Build configuration list for PBXNativeTarget "Pod PlayerTests" */ = {
			isa = XCConfigurationList;
			buildConfigurations = (
				B07404791FF3EC63004C5707 /* Debug */,
				B074047A1FF3EC63004C5707 /* Release */,
			);
			defaultConfigurationIsVisible = 0;
			defaultConfigurationName = Release;
		};
/* End XCConfigurationList section */

/* Begin XCVersionGroup section */
		B074045E1FF3EC63004C5707 /* Pod_Player.xcdatamodeld */ = {
			isa = XCVersionGroup;
			children = (
				B074045F1FF3EC63004C5707 /* Pod_Player.xcdatamodel */,
			);
			currentVersion = B074045F1FF3EC63004C5707 /* Pod_Player.xcdatamodel */;
			path = Pod_Player.xcdatamodeld;
			sourceTree = "<group>";
			versionGroupType = wrapper.xcdatamodel;
		};
/* End XCVersionGroup section */
	};
	rootObject = B074044F1FF3EC63004C5707 /* Project object */;
}
